
Microsoft Visual Studio Solution File, Format Version 12.00
# Visual Studio Version 16
VisualStudioVersion = 16.0.810.22
MinimumVisualStudioVersion = 10.0.40219.1
Project("{FAE04EC0-301F-11D3-BF4B-00C04F79EFBC}") = "KpmgApi", "kpmgApi.csproj", "{1C591F2E-4298-4C97-A552-D84B88DBE369}"
EndProject
Global
	GlobalSection(SolutionConfigurationPlatforms) = preSolution
		Debug|Any CPU = Debug|Any CPU
		Release|Any CPU = Release|Any CPU
	EndGlobalSection
	GlobalSection(ProjectConfigurationPlatforms) = postSolution
		{1C591F2E-4298-4C97-A552-D84B88DBE369}.Debug|Any CPU.ActiveCfg = Debug|Any CPU
		{1C591F2E-4298-4C97-A552-D84B88DBE369}.Debug|Any CPU.Build.0 = Debug|Any CPU
		{1C591F2E-4298-4C97-A552-D84B88DBE369}.Release|Any CPU.ActiveCfg = Release|Any CPU
		{1C591F2E-4298-4C97-A552-D84B88DBE369}.Release|Any CPU.Build.0 = Release|Any CPU
	EndGlobalSection
	GlobalSection(SolutionProperties) = preSolution
		HideSolutionNode = FALSE
	EndGlobalSection
	GlobalSection(ExtensibilityGlobals) = postSolution
		SolutionGuid = {FEE43990-D355-492E-831B-C82600A31BD5}
	EndGlobalSection
	GlobalSection(MonoDevelopProperties) = preSolution
		BaseDirectory = ../kpmg
	EndGlobalSection
EndGlobal
